
Microsoft Visual Studio Solution File, Format Version 12.00
# Visual Studio Version 16
VisualStudioVersion = 16.0.30114.105
MinimumVisualStudioVersion = 10.0.40219.1
Project("{2150E333-8FDC-42A3-9474-1A3956D46DE8}") = "src", "src", "{739F4603-0748-4BBB-8A8F-D4E9BB1FAC8A}"
EndProject
Project("{FAE04EC0-301F-11D3-BF4B-00C04F79EFBC}") = "BlazorOpenTelemetryExporter", "src\BlazorOpenTelemetryExporter\BlazorOpenTelemetryExporter.csproj", "{BCD1A9A7-6E03-45D2-8A3D-02D57C6B7A16}"
EndProject
Project("{FAE04EC0-301F-11D3-BF4B-00C04F79EFBC}") = "sample", "sample\sample.csproj", "{3A49EA0F-A7E1-4D6B-9A31-7B09E9320534}"
EndProject
Global
	GlobalSection(SolutionConfigurationPlatforms) = preSolution
		Debug|Any CPU = Debug|Any CPU
		Release|Any CPU = Release|Any CPU
	EndGlobalSection
	GlobalSection(SolutionProperties) = preSolution
		HideSolutionNode = FALSE
	EndGlobalSection
	GlobalSection(ProjectConfigurationPlatforms) = postSolution
		{BCD1A9A7-6E03-45D2-8A3D-02D57C6B7A16}.Debug|Any CPU.ActiveCfg = Debug|Any CPU
		{BCD1A9A7-6E03-45D2-8A3D-02D57C6B7A16}.Debug|Any CPU.Build.0 = Debug|Any CPU
		{BCD1A9A7-6E03-45D2-8A3D-02D57C6B7A16}.Release|Any CPU.ActiveCfg = Release|Any CPU
		{BCD1A9A7-6E03-45D2-8A3D-02D57C6B7A16}.Release|Any CPU.Build.0 = Release|Any CPU
		{3A49EA0F-A7E1-4D6B-9A31-7B09E9320534}.Debug|Any CPU.ActiveCfg = Debug|Any CPU
		{3A49EA0F-A7E1-4D6B-9A31-7B09E9320534}.Debug|Any CPU.Build.0 = Debug|Any CPU
		{3A49EA0F-A7E1-4D6B-9A31-7B09E9320534}.Release|Any CPU.ActiveCfg = Release|Any CPU
		{3A49EA0F-A7E1-4D6B-9A31-7B09E9320534}.Release|Any CPU.Build.0 = Release|Any CPU
	EndGlobalSection
	GlobalSection(NestedProjects) = preSolution
		{BCD1A9A7-6E03-45D2-8A3D-02D57C6B7A16} = {739F4603-0748-4BBB-8A8F-D4E9BB1FAC8A}
	EndGlobalSection
EndGlobal
